// !$*UTF8*$!
{
	archiveVersion = 1;
	classes = {
	};
	objectVersion = 46;
	objects = {

/* Begin PBXBuildFile section */
		D8C064B91D75B095002A3AFF /* main.m in Sources */ = {isa = PBXBuildFile; fileRef = D8C064B81D75B095002A3AFF /* main.m */; };
		D8C064BC1D75B095002A3AFF /* AppDelegate.m in Sources */ = {isa = PBXBuildFile; fileRef = D8C064BB1D75B095002A3AFF /* AppDelegate.m */; };
		D8C064BF1D75B095002A3AFF /* ViewController.m in Sources */ = {isa = PBXBuildFile; fileRef = D8C064BE1D75B095002A3AFF /* ViewController.m */; };
		D8C064C21D75B095002A3AFF /* Main.storyboard in Resources */ = {isa = PBXBuildFile; fileRef = D8C064C01D75B095002A3AFF /* Main.storyboard */; };
		D8C064C41D75B095002A3AFF /* Assets.xcassets in Resources */ = {isa = PBXBuildFile; fileRef = D8C064C31D75B095002A3AFF /* Assets.xcassets */; };
		D8C064C71D75B095002A3AFF /* LaunchScreen.storyboard in Resources */ = {isa = PBXBuildFile; fileRef = D8C064C51D75B095002A3AFF /* LaunchScreen.storyboard */; };
/* End PBXBuildFile section */

/* Begin PBXFileReference section */
		D8C064B41D75B094002A3AFF /* BRNPulseBy1603.app */ = {isa = PBXFileReference; explicitFileType = wrapper.application; includeInIndex = 0; path = BRNPulseBy1603.app; sourceTree = BUILT_PRODUCTS_DIR; };
		D8C064B81D75B095002A3AFF /* main.m */ = {isa = PBXFileReference; lastKnownFileType = sourcecode.c.objc; path = main.m; sourceTree = "<group>"; };
		D8C064BA1D75B095002A3AFF /* AppDelegate.h */ = {isa = PBXFileReference; lastKnownFileType = sourcecode.c.h; path = AppDelegate.h; sourceTree = "<group>"; };
		D8C064BB1D75B095002A3AFF /* AppDelegate.m */ = {isa = PBXFileReference; lastKnownFileType = sourcecode.c.objc; path = AppDelegate.m; sourceTree = "<group>"; };
		D8C064BD1D75B095002A3AFF /* ViewController.h */ = {isa = PBXFileReference; lastKnownFileType = sourcecode.c.h; path = ViewController.h; sourceTree = "<group>"; };
		D8C064BE1D75B095002A3AFF /* ViewController.m */ = {isa = PBXFileReference; lastKnownFileType = sourcecode.c.objc; path = ViewController.m; sourceTree = "<group>"; };
		D8C064C11D75B095002A3AFF /* Base */ = {isa = PBXFileReference; lastKnownFileType = file.storyboard; name = Base; path = Base.lproj/Main.storyboard; sourceTree = "<group>"; };
		D8C064C31D75B095002A3AFF /* Assets.xcassets */ = {isa = PBXFileReference; lastKnownFileType = folder.assetcatalog; path = Assets.xcassets; sourceTree = "<group>"; };
		D8C064C61D75B095002A3AFF /* Base */ = {isa = PBXFileReference; lastKnownFileType = file.storyboard; name = Base; path = Base.lproj/LaunchScreen.storyboard; sourceTree = "<group>"; };
		D8C064C81D75B095002A3AFF /* Info.plist */ = {isa = PBXFileReference; lastKnownFileType = text.plist.xml; path = Info.plist; sourceTree = "<group>"; };
/* End PBXFileReference section */

/* Begin PBXFrameworksBuildPhase section */
		D8C064B11D75B094002A3AFF /* Frameworks */ = {
			isa = PBXFrameworksBuildPhase;
			buildActionMask = 2147483647;
			files = (
			);
			runOnlyForDeploymentPostprocessing = 0;
		};
/* End PBXFrameworksBuildPhase section */

/* Begin PBXGroup section */
		D8C064AB1D75B094002A3AFF = {
			isa = PBXGroup;
			children = (
				D8C064B61D75B095002A3AFF /* BRNPulseBy1603 */,
				D8C064B51D75B094002A3AFF /* Products */,
			);
			sourceTree = "<group>";
		};
		D8C064B51D75B094002A3AFF /* Products */ = {
			isa = PBXGroup;
			children = (
				D8C064B41D75B094002A3AFF /* BRNPulseBy1603.app */,
			);
			name = Products;
			sourceTree = "<group>";
		};
		D8C064B61D75B095002A3AFF /* BRNPulseBy1603 */ = {
			isa = PBXGroup;
			children = (
				D8C064BA1D75B095002A3AFF /* AppDelegate.h */,
				D8C064BB1D75B095002A3AFF /* AppDelegate.m */,
				D8C064BD1D75B095002A3AFF /* ViewController.h */,
				D8C064BE1D75B095002A3AFF /* ViewController.m */,
				D8C064C01D75B095002A3AFF /* Main.storyboard */,
				D8C064C31D75B095002A3AFF /* Assets.xcassets */,
				D8C064C51D75B095002A3AFF /* LaunchScreen.storyboard */,
				D8C064C81D75B095002A3AFF /* Info.plist */,
				D8C064B71D75B095002A3AFF /* Supporting Files */,
			);
			path = BRNPulseBy1603;
			sourceTree = "<group>";
		};
		D8C064B71D75B095002A3AFF /* Supporting Files */ = {
			isa = PBXGroup;
			children = (
				D8C064B81D75B095002A3AFF /* main.m */,
			);
			name = "Supporting Files";
			sourceTree = "<group>";
		};
/* End PBXGroup section */

/* Begin PBXNativeTarget section */
		D8C064B31D75B094002A3AFF /* BRNPulseBy1603 */ = {
			isa = PBXNativeTarget;
			buildConfigurationList = D8C064CB1D75B095002A3AFF /* Build configuration list for PBXNativeTarget "BRNPulseBy1603" */;
			buildPhases = (
				D8C064B01D75B094002A3AFF /* Sources */,
				D8C064B11D75B094002A3AFF /* Frameworks */,
				D8C064B21D75B094002A3AFF /* Resources */,
			);
			buildRules = (
			);
			dependencies = (
			);
			name = BRNPulseBy1603;
			productName = BRNPulseBy1603;
			productReference = D8C064B41D75B094002A3AFF /* BRNPulseBy1603.app */;
			productType = "com.apple.product-type.application";
		};
/* End PBXNativeTarget section */

/* Begin PBXProject section */
		D8C064AC1D75B094002A3AFF /* Project object */ = {
			isa = PBXProject;
			attributes = {
				LastUpgradeCheck = 0730;
				ORGANIZATIONNAME = "BRN Infotech";
				TargetAttributes = {
					D8C064B31D75B094002A3AFF = {
						CreatedOnToolsVersion = 7.3;
					};
				};
			};
			buildConfigurationList = D8C064AF1D75B094002A3AFF /* Build configuration list for PBXProject "BRNPulseBy1603" */;
			compatibilityVersion = "Xcode 3.2";
			developmentRegion = English;
			hasScannedForEncodings = 0;
			knownRegions = (
				en,
				Base,
			);
			mainGroup = D8C064AB1D75B094002A3AFF;
			productRefGroup = D8C064B51D75B094002A3AFF /* Products */;
			projectDirPath = "";
			projectRoot = "";
			targets = (
				D8C064B31D75B094002A3AFF /* BRNPulseBy1603 */,
			);
		};
/* End PBXProject section */

/* Begin PBXResourcesBuildPhase section */
		D8C064B21D75B094002A3AFF /* Resources */ = {
			isa = PBXResourcesBuildPhase;
			buildActionMask = 2147483647;
			files = (
				D8C064C71D75B095002A3AFF /* LaunchScreen.storyboard in Resources */,
				D8C064C41D75B095002A3AFF /* Assets.xcassets in Resources */,
				D8C064C21D75B095002A3AFF /* Main.storyboard in Resources */,
			);
			runOnlyForDeploymentPostprocessing = 0;
		};
/* End PBXResourcesBuildPhase section */

/* Begin PBXSourcesBuildPhase section */
		D8C064B01D75B094002A3AFF /* Sources */ = {
			isa = PBXSourcesBuildPhase;
			buildActionMask = 2147483647;
			files = (
				D8C064BF1D75B095002A3AFF /* ViewController.m in Sources */,
				D8C064BC1D75B095002A3AFF /* AppDelegate.m in Sources */,
				D8C064B91D75B095002A3AFF /* main.m in Sources */,
			);
			runOnlyForDeploymentPostprocessing = 0;
		};
/* End PBXSourcesBuildPhase section */

/* Begin PBXVariantGroup section */
		D8C064C01D75B095002A3AFF /* Main.storyboard */ = {
			isa = PBXVariantGroup;
			children = (
				D8C064C11D75B095002A3AFF /* Base */,
			);
			name = Main.storyboard;
			sourceTree = "<group>";
		};
		D8C064C51D75B095002A3AFF /* LaunchScreen.storyboard */ = {
			isa = PBXVariantGroup;
			children = (
				D8C064C61D75B095002A3AFF /* Base */,
			);
			name = LaunchScreen.storyboard;
			sourceTree = "<group>";
		};
/* End PBXVariantGroup section */

/* Begin XCBuildConfiguration section */
		D8C064C91D75B095002A3AFF /* Debug */ = {
			isa = XCBuildConfiguration;
			buildSettings = {
				ALWAYS_SEARCH_USER_PATHS = NO;
				CLANG_ANALYZER_NONNULL = YES;
				CLANG_CXX_LANGUAGE_STANDARD = "gnu++0x";
				CLANG_CXX_LIBRARY = "libc++";
				CLANG_ENABLE_MODULES = YES;
				CLANG_ENABLE_OBJC_ARC = YES;
				CLANG_WARN_BOOL_CONVERSION = YES;
				CLANG_WARN_CONSTANT_CONVERSION = YES;
				CLANG_WARN_DIRECT_OBJC_ISA_USAGE = YES_ERROR;
				CLANG_WARN_EMPTY_BODY = YES;
				CLANG_WARN_ENUM_CONVERSION = YES;
				CLANG_WARN_INT_CONVERSION = YES;
				CLANG_WARN_OBJC_ROOT_CLASS = YES_ERROR;
				CLANG_WARN_UNREACHABLE_CODE = YES;
				CLANG_WARN__DUPLICATE_METHOD_MATCH = YES;
				"CODE_SIGN_IDENTITY[sdk=iphoneos*]" = "iPhone Developer";
				COPY_PHASE_STRIP = NO;
				DEBUG_INFORMATION_FORMAT = dwarf;
				ENABLE_STRICT_OBJC_MSGSEND = YES;
				ENABLE_TESTABILITY = YES;
				GCC_C_LANGUAGE_STANDARD = gnu99;
				GCC_DYNAMIC_NO_PIC = NO;
				GCC_NO_COMMON_BLOCKS = YES;
				GCC_OPTIMIZATION_LEVEL = 0;
				GCC_PREPROCESSOR_DEFINITIONS = (
					"DEBUG=1",
					"$(inherited)",
				);
				GCC_WARN_64_TO_32_BIT_CONVERSION = YES;
				GCC_WARN_ABOUT_RETURN_TYPE = YES_ERROR;
				GCC_WARN_UNDECLARED_SELECTOR = YES;
				GCC_WARN_UNINITIALIZED_AUTOS = YES_AGGRESSIVE;
				GCC_WARN_UNUSED_FUNCTION = YES;
				GCC_WARN_UNUSED_VARIABLE = YES;
				IPHONEOS_DEPLOYMENT_TARGET = 9.3;
				MTL_ENABLE_DEBUG_INFO = YES;
				ONLY_ACTIVE_ARCH = YES;
				SDKROOT = iphoneos;
			};
			name = Debug;
		};
		D8C064CA1D75B095002A3AFF /* Release */ = {
			isa = XCBuildConfiguration;
			buildSettings = {
				ALWAYS_SEARCH_USER_PATHS = NO;
				CLANG_ANALYZER_NONNULL = YES;
				CLANG_CXX_LANGUAGE_STANDARD = "gnu++0x";
				CLANG_CXX_LIBRARY = "libc++";
				CLANG_ENABLE_MODULES = YES;
				CLANG_ENABLE_OBJC_ARC = YES;
				CLANG_WARN_BOOL_CONVERSION = YES;
				CLANG_WARN_CONSTANT_CONVERSION = YES;
				CLANG_WARN_DIRECT_OBJC_ISA_USAGE = YES_ERROR;
				CLANG_WARN_EMPTY_BODY = YES;
				CLANG_WARN_ENUM_CONVERSION = YES;
				CLANG_WARN_INT_CONVERSION = YES;
				CLANG_WARN_OBJC_ROOT_CLASS = YES_ERROR;
				CLANG_WARN_UNREACHABLE_CODE = YES;
				CLANG_WARN__DUPLICATE_METHOD_MATCH = YES;
				"CODE_SIGN_IDENTITY[sdk=iphoneos*]" = "iPhone Developer";
				COPY_PHASE_STRIP = NO;
				DEBUG_INFORMATION_FORMAT = "dwarf-with-dsym";
				ENABLE_NS_ASSERTIONS = NO;
				ENABLE_STRICT_OBJC_MSGSEND = YES;
				GCC_C_LANGUAGE_STANDARD = gnu99;
				GCC_NO_COMMON_BLOCKS = YES;
				GCC_WARN_64_TO_32_BIT_CONVERSION = YES;
				GCC_WARN_ABOUT_RETURN_TYPE = YES_ERROR;
				GCC_WARN_UNDECLARED_SELECTOR = YES;
				GCC_WARN_UNINITIALIZED_AUTOS = YES_AGGRESSIVE;
				GCC_WARN_UNUSED_FUNCTION = YES;
				GCC_WARN_UNUSED_VARIABLE = YES;
				IPHONEOS_DEPLOYMENT_TARGET = 9.3;
				MTL_ENABLE_DEBUG_INFO = NO;
				SDKROOT = iphoneos;
				VALIDATE_PRODUCT = YES;
			};
			name = Release;
		};
		D8C064CC1D75B095002A3AFF /* Debug */ = {
			isa = XCBuildConfiguration;
			buildSettings = {
				ASSETCATALOG_COMPILER_APPICON_NAME = AppIcon;
				INFOPLIST_FILE = BRNPulseBy1603/Info.plist;
				LD_RUNPATH_SEARCH_PATHS = "$(inherited) @executable_path/Frameworks";
				PRODUCT_BUNDLE_IDENTIFIER = com.brninfotech.BRNPulseBy1603;
				PRODUCT_NAME = "$(TARGET_NAME)";
			};
			name = Debug;
		};
		D8C064CD1D75B095002A3AFF /* Release */ = {
			isa = XCBuildConfiguration;
			buildSettings = {
				ASSETCATALOG_COMPILER_APPICON_NAME = AppIcon;
				INFOPLIST_FILE = BRNPulseBy1603/Info.plist;
				LD_RUNPATH_SEARCH_PATHS = "$(inherited) @executable_path/Frameworks";
				PRODUCT_BUNDLE_IDENTIFIER = com.brninfotech.BRNPulseBy1603;
				PRODUCT_NAME = "$(TARGET_NAME)";
			};
			name = Release;
		};
/* End XCBuildConfiguration section */

/* Begin XCConfigurationList section */
		D8C064AF1D75B094002A3AFF /* Build configuration list for PBXProject "BRNPulseBy1603" */ = {
			isa = XCConfigurationList;
			buildConfigurations = (
				D8C064C91D75B095002A3AFF /* Debug */,
				D8C064CA1D75B095002A3AFF /* Release */,
			);
			defaultConfigurationIsVisible = 0;
			defaultConfigurationName = Release;
		};
		D8C064CB1D75B095002A3AFF /* Build configuration list for PBXNativeTarget "BRNPulseBy1603" */ = {
			isa = XCConfigurationList;
			buildConfigurations = (
				D8C064CC1D75B095002A3AFF /* Debug */,
				D8C064CD1D75B095002A3AFF /* Release */,
			);
			defaultConfigurationIsVisible = 0;
		};
/* End XCConfigurationList section */
	};
	rootObject = D8C064AC1D75B094002A3AFF /* Project object */;
}
